
Microsoft Visual Studio Solution File, Format Version 12.00
# Visual Studio Version 17
VisualStudioVersion = 17.4.33205.214
MinimumVisualStudioVersion = 10.0.40219.1
Project("{FAE04EC0-301F-11D3-BF4B-00C04F79EFBC}") = "ControleEscolar", "ControleEscolar\ControleEscolar.csproj", "{325F6091-EC5B-4D7A-BA49-67F5B1AFB3D0}"
EndProject
Global
	GlobalSection(SolutionConfigurationPlatforms) = preSolution
		Debug|Any CPU = Debug|Any CPU
		Release|Any CPU = Release|Any CPU
	EndGlobalSection
	GlobalSection(ProjectConfigurationPlatforms) = postSolution
		{325F6091-EC5B-4D7A-BA49-67F5B1AFB3D0}.Debug|Any CPU.ActiveCfg = Debug|Any CPU
		{325F6091-EC5B-4D7A-BA49-67F5B1AFB3D0}.Debug|Any CPU.Build.0 = Debug|Any CPU
		{325F6091-EC5B-4D7A-BA49-67F5B1AFB3D0}.Release|Any CPU.ActiveCfg = Release|Any CPU
		{325F6091-EC5B-4D7A-BA49-67F5B1AFB3D0}.Release|Any CPU.Build.0 = Release|Any CPU
	EndGlobalSection
	GlobalSection(SolutionProperties) = preSolution
		HideSolutionNode = FALSE
	EndGlobalSection
	GlobalSection(ExtensibilityGlobals) = postSolution
		SolutionGuid = {4CC06A12-E49C-42C1-90E1-A75B46BA9E57}
	EndGlobalSection
EndGlobal
